<Solution>
  <Folder Name="/Modelo/">
    <Project Path="Isra.Demos.Microservicios.Modelo/Isra.Demos.Microservicios.Modelo.csproj" />
  </Folder>
  <Folder Name="/Movimientos cuenta/">
    <Project Path="Isra.Demos.Microservicios.CuentaMovimientos/Isra.Demos.Microservicios.CuentaMovimientos.csproj" />
  </Folder>
  <Folder Name="/Api Gateway/">
    <Project Path="Isra.Demos.Microservicios.WebApi/Isra.Demos.Microservicios.WebApi.csproj" />
  </Folder>
  <Folder Name="/Consumidores eventos/">
    <Project Path="Isra.Demos.Microservicios.EstadoCuenta/Isra.Demos.Microservicios.EstadoCuenta.csproj" />
    <Project Path="Isra.Demos.Microservicios.Saldo/Isra.Demos.Microservicios.Saldo.csproj" />
  </Folder>
  <Folder Name="/Pruebas/" />
</Solution>
